// !$*UTF8*$!
{
	archiveVersion = 1;
	classes = {
	};
	objectVersion = 56;
	objects = {

/* Begin PBXBuildFile section */
		F433F4042A05289200D73BEC /* AppDelegate.swift in Sources */ = {isa = PBXBuildFile; fileRef = F433F4032A05289200D73BEC /* AppDelegate.swift */; };
		F433F4062A05289200D73BEC /* SceneDelegate.swift in Sources */ = {isa = PBXBuildFile; fileRef = F433F4052A05289200D73BEC /* SceneDelegate.swift */; };
		F433F4082A05289200D73BEC /* ViewController.swift in Sources */ = {isa = PBXBuildFile; fileRef = F433F4072A05289200D73BEC /* ViewController.swift */; };
		F433F40B2A05289200D73BEC /* Main.storyboard in Resources */ = {isa = PBXBuildFile; fileRef = F433F4092A05289200D73BEC /* Main.storyboard */; };
		F433F40D2A05289400D73BEC /* Assets.xcassets in Resources */ = {isa = PBXBuildFile; fileRef = F433F40C2A05289400D73BEC /* Assets.xcassets */; };
		F433F4102A05289400D73BEC /* LaunchScreen.storyboard in Resources */ = {isa = PBXBuildFile; fileRef = F433F40E2A05289400D73BEC /* LaunchScreen.storyboard */; };
		F433F4182A052A5F00D73BEC /* SetUpViewController.swift in Sources */ = {isa = PBXBuildFile; fileRef = F433F4172A052A5F00D73BEC /* SetUpViewController.swift */; };
		F45B40682A07C841004EF79B /* Alamofire in Frameworks */ = {isa = PBXBuildFile; productRef = F45B40672A07C841004EF79B /* Alamofire */; };
		F45B406A2A07C86B004EF79B /* NetworkingProvider.swift in Sources */ = {isa = PBXBuildFile; fileRef = F45B40692A07C86B004EF79B /* NetworkingProvider.swift */; };
		F45B406D2A07C9E3004EF79B /* Prediction.swift in Sources */ = {isa = PBXBuildFile; fileRef = F45B406C2A07C9E3004EF79B /* Prediction.swift */; };
		F482139A2A10E19B00418EFE /* Alamofire in Frameworks */ = {isa = PBXBuildFile; productRef = F48213992A10E19B00418EFE /* Alamofire */; };
		F4A3AC862A08EDAE00B17241 /* WidgetKit.framework in Frameworks */ = {isa = PBXBuildFile; fileRef = F4A3AC852A08EDAE00B17241 /* WidgetKit.framework */; };
		F4A3AC882A08EDAE00B17241 /* SwiftUI.framework in Frameworks */ = {isa = PBXBuildFile; fileRef = F4A3AC872A08EDAE00B17241 /* SwiftUI.framework */; };
		F4A3AC8B2A08EDAE00B17241 /* Horoscope_WidgetBundle.swift in Sources */ = {isa = PBXBuildFile; fileRef = F4A3AC8A2A08EDAE00B17241 /* Horoscope_WidgetBundle.swift */; };
		F4A3AC8D2A08EDAE00B17241 /* Horoscope_WidgetLiveActivity.swift in Sources */ = {isa = PBXBuildFile; fileRef = F4A3AC8C2A08EDAE00B17241 /* Horoscope_WidgetLiveActivity.swift */; };
		F4A3AC8F2A08EDAE00B17241 /* Horoscope_Widget.swift in Sources */ = {isa = PBXBuildFile; fileRef = F4A3AC8E2A08EDAE00B17241 /* Horoscope_Widget.swift */; };
		F4A3AC912A08EDAF00B17241 /* Assets.xcassets in Resources */ = {isa = PBXBuildFile; fileRef = F4A3AC902A08EDAF00B17241 /* Assets.xcassets */; };
		F4A3AC952A08EDAF00B17241 /* Horoscope WidgetExtension.appex in Embed Foundation Extensions */ = {isa = PBXBuildFile; fileRef = F4A3AC832A08EDAE00B17241 /* Horoscope WidgetExtension.appex */; settings = {ATTRIBUTES = (RemoveHeadersOnCopy, ); }; };
/* End PBXBuildFile section */

/* Begin PBXContainerItemProxy section */
		F4A3AC932A08EDAF00B17241 /* PBXContainerItemProxy */ = {
			isa = PBXContainerItemProxy;
			containerPortal = F433F3F82A05289200D73BEC /* Project object */;
			proxyType = 1;
			remoteGlobalIDString = F4A3AC822A08EDAE00B17241;
			remoteInfo = "Horoscope WidgetExtension";
		};
/* End PBXContainerItemProxy section */

/* Begin PBXCopyFilesBuildPhase section */
		F4A3AC962A08EDAF00B17241 /* Embed Foundation Extensions */ = {
			isa = PBXCopyFilesBuildPhase;
			buildActionMask = 2147483647;
			dstPath = "";
			dstSubfolderSpec = 13;
			files = (
				F4A3AC952A08EDAF00B17241 /* Horoscope WidgetExtension.appex in Embed Foundation Extensions */,
			);
			name = "Embed Foundation Extensions";
			runOnlyForDeploymentPostprocessing = 0;
		};
/* End PBXCopyFilesBuildPhase section */

/* Begin PBXFileReference section */
		F433F4002A05289200D73BEC /* MyHoroscope.app */ = {isa = PBXFileReference; explicitFileType = wrapper.application; includeInIndex = 0; path = MyHoroscope.app; sourceTree = BUILT_PRODUCTS_DIR; };
		F433F4032A05289200D73BEC /* AppDelegate.swift */ = {isa = PBXFileReference; lastKnownFileType = sourcecode.swift; path = AppDelegate.swift; sourceTree = "<group>"; };
		F433F4052A05289200D73BEC /* SceneDelegate.swift */ = {isa = PBXFileReference; lastKnownFileType = sourcecode.swift; path = SceneDelegate.swift; sourceTree = "<group>"; };
		F433F4072A05289200D73BEC /* ViewController.swift */ = {isa = PBXFileReference; lastKnownFileType = sourcecode.swift; path = ViewController.swift; sourceTree = "<group>"; };
		F433F40A2A05289200D73BEC /* Base */ = {isa = PBXFileReference; lastKnownFileType = file.storyboard; name = Base; path = Base.lproj/Main.storyboard; sourceTree = "<group>"; };
		F433F40C2A05289400D73BEC /* Assets.xcassets */ = {isa = PBXFileReference; lastKnownFileType = folder.assetcatalog; path = Assets.xcassets; sourceTree = "<group>"; };
		F433F40F2A05289400D73BEC /* Base */ = {isa = PBXFileReference; lastKnownFileType = file.storyboard; name = Base; path = Base.lproj/LaunchScreen.storyboard; sourceTree = "<group>"; };
		F433F4112A05289400D73BEC /* Info.plist */ = {isa = PBXFileReference; lastKnownFileType = text.plist.xml; path = Info.plist; sourceTree = "<group>"; };
		F433F4172A052A5F00D73BEC /* SetUpViewController.swift */ = {isa = PBXFileReference; lastKnownFileType = sourcecode.swift; path = SetUpViewController.swift; sourceTree = "<group>"; };
		F45B40692A07C86B004EF79B /* NetworkingProvider.swift */ = {isa = PBXFileReference; lastKnownFileType = sourcecode.swift; path = NetworkingProvider.swift; sourceTree = "<group>"; };
		F45B406C2A07C9E3004EF79B /* Prediction.swift */ = {isa = PBXFileReference; lastKnownFileType = sourcecode.swift; path = Prediction.swift; sourceTree = "<group>"; };
		F4A3AC832A08EDAE00B17241 /* Horoscope WidgetExtension.appex */ = {isa = PBXFileReference; explicitFileType = "wrapper.app-extension"; includeInIndex = 0; path = "Horoscope WidgetExtension.appex"; sourceTree = BUILT_PRODUCTS_DIR; };
		F4A3AC852A08EDAE00B17241 /* WidgetKit.framework */ = {isa = PBXFileReference; lastKnownFileType = wrapper.framework; name = WidgetKit.framework; path = System/Library/Frameworks/WidgetKit.framework; sourceTree = SDKROOT; };
		F4A3AC872A08EDAE00B17241 /* SwiftUI.framework */ = {isa = PBXFileReference; lastKnownFileType = wrapper.framework; name = SwiftUI.framework; path = System/Library/Frameworks/SwiftUI.framework; sourceTree = SDKROOT; };
		F4A3AC8A2A08EDAE00B17241 /* Horoscope_WidgetBundle.swift */ = {isa = PBXFileReference; lastKnownFileType = sourcecode.swift; path = Horoscope_WidgetBundle.swift; sourceTree = "<group>"; };
		F4A3AC8C2A08EDAE00B17241 /* Horoscope_WidgetLiveActivity.swift */ = {isa = PBXFileReference; lastKnownFileType = sourcecode.swift; path = Horoscope_WidgetLiveActivity.swift; sourceTree = "<group>"; };
		F4A3AC8E2A08EDAE00B17241 /* Horoscope_Widget.swift */ = {isa = PBXFileReference; lastKnownFileType = sourcecode.swift; path = Horoscope_Widget.swift; sourceTree = "<group>"; };
		F4A3AC902A08EDAF00B17241 /* Assets.xcassets */ = {isa = PBXFileReference; lastKnownFileType = folder.assetcatalog; path = Assets.xcassets; sourceTree = "<group>"; };
		F4A3AC922A08EDAF00B17241 /* Info.plist */ = {isa = PBXFileReference; lastKnownFileType = text.plist.xml; path = Info.plist; sourceTree = "<group>"; };
		F4DA5ACF2A09074D008BEAFF /* MyHoroscope.entitlements */ = {isa = PBXFileReference; lastKnownFileType = text.plist.entitlements; path = MyHoroscope.entitlements; sourceTree = "<group>"; };
		F4DA5AD02A0907D0008BEAFF /* Horoscope WidgetExtension.entitlements */ = {isa = PBXFileReference; lastKnownFileType = text.plist.entitlements; path = "Horoscope WidgetExtension.entitlements"; sourceTree = "<group>"; };
/* End PBXFileReference section */

/* Begin PBXFrameworksBuildPhase section */
		F433F3FD2A05289200D73BEC /* Frameworks */ = {
			isa = PBXFrameworksBuildPhase;
			buildActionMask = 2147483647;
			files = (
				F45B40682A07C841004EF79B /* Alamofire in Frameworks */,
			);
			runOnlyForDeploymentPostprocessing = 0;
		};
		F4A3AC802A08EDAE00B17241 /* Frameworks */ = {
			isa = PBXFrameworksBuildPhase;
			buildActionMask = 2147483647;
			files = (
				F482139A2A10E19B00418EFE /* Alamofire in Frameworks */,
				F4A3AC882A08EDAE00B17241 /* SwiftUI.framework in Frameworks */,
				F4A3AC862A08EDAE00B17241 /* WidgetKit.framework in Frameworks */,
			);
			runOnlyForDeploymentPostprocessing = 0;
		};
/* End PBXFrameworksBuildPhase section */

/* Begin PBXGroup section */
		F433F3F72A05289200D73BEC = {
			isa = PBXGroup;
			children = (
				F4DA5AD02A0907D0008BEAFF /* Horoscope WidgetExtension.entitlements */,
				F433F4022A05289200D73BEC /* MyHoroscope */,
				F4A3AC892A08EDAE00B17241 /* Horoscope Widget */,
				F4A3AC842A08EDAE00B17241 /* Frameworks */,
				F433F4012A05289200D73BEC /* Products */,
			);
			sourceTree = "<group>";
		};
		F433F4012A05289200D73BEC /* Products */ = {
			isa = PBXGroup;
			children = (
				F433F4002A05289200D73BEC /* MyHoroscope.app */,
				F4A3AC832A08EDAE00B17241 /* Horoscope WidgetExtension.appex */,
			);
			name = Products;
			sourceTree = "<group>";
		};
		F433F4022A05289200D73BEC /* MyHoroscope */ = {
			isa = PBXGroup;
			children = (
				F4DA5ACF2A09074D008BEAFF /* MyHoroscope.entitlements */,
				F433F4032A05289200D73BEC /* AppDelegate.swift */,
				F433F4052A05289200D73BEC /* SceneDelegate.swift */,
				F433F4072A05289200D73BEC /* ViewController.swift */,
				F433F4172A052A5F00D73BEC /* SetUpViewController.swift */,
				F45B406B2A07C990004EF79B /* Data */,
				F433F4092A05289200D73BEC /* Main.storyboard */,
				F433F40C2A05289400D73BEC /* Assets.xcassets */,
				F433F40E2A05289400D73BEC /* LaunchScreen.storyboard */,
				F433F4112A05289400D73BEC /* Info.plist */,
			);
			path = MyHoroscope;
			sourceTree = "<group>";
		};
		F45B406B2A07C990004EF79B /* Data */ = {
			isa = PBXGroup;
			children = (
				F45B40692A07C86B004EF79B /* NetworkingProvider.swift */,
				F45B406C2A07C9E3004EF79B /* Prediction.swift */,
			);
			path = Data;
			sourceTree = "<group>";
		};
		F4A3AC842A08EDAE00B17241 /* Frameworks */ = {
			isa = PBXGroup;
			children = (
				F4A3AC852A08EDAE00B17241 /* WidgetKit.framework */,
				F4A3AC872A08EDAE00B17241 /* SwiftUI.framework */,
			);
			name = Frameworks;
			sourceTree = "<group>";
		};
		F4A3AC892A08EDAE00B17241 /* Horoscope Widget */ = {
			isa = PBXGroup;
			children = (
				F4A3AC8A2A08EDAE00B17241 /* Horoscope_WidgetBundle.swift */,
				F4A3AC8C2A08EDAE00B17241 /* Horoscope_WidgetLiveActivity.swift */,
				F4A3AC8E2A08EDAE00B17241 /* Horoscope_Widget.swift */,
				F4A3AC902A08EDAF00B17241 /* Assets.xcassets */,
				F4A3AC922A08EDAF00B17241 /* Info.plist */,
			);
			path = "Horoscope Widget";
			sourceTree = "<group>";
		};
/* End PBXGroup section */

/* Begin PBXNativeTarget section */
		F433F3FF2A05289200D73BEC /* MyHoroscope */ = {
			isa = PBXNativeTarget;
			buildConfigurationList = F433F4142A05289400D73BEC /* Build configuration list for PBXNativeTarget "MyHoroscope" */;
			buildPhases = (
				F433F3FC2A05289200D73BEC /* Sources */,
				F433F3FD2A05289200D73BEC /* Frameworks */,
				F433F3FE2A05289200D73BEC /* Resources */,
				F4A3AC962A08EDAF00B17241 /* Embed Foundation Extensions */,
			);
			buildRules = (
			);
			dependencies = (
				F4A3AC942A08EDAF00B17241 /* PBXTargetDependency */,
			);
			name = MyHoroscope;
			packageProductDependencies = (
				F45B40672A07C841004EF79B /* Alamofire */,
			);
			productName = MyHoroscope;
			productReference = F433F4002A05289200D73BEC /* MyHoroscope.app */;
			productType = "com.apple.product-type.application";
		};
		F4A3AC822A08EDAE00B17241 /* Horoscope WidgetExtension */ = {
			isa = PBXNativeTarget;
			buildConfigurationList = F4A3AC992A08EDAF00B17241 /* Build configuration list for PBXNativeTarget "Horoscope WidgetExtension" */;
			buildPhases = (
				F4A3AC7F2A08EDAE00B17241 /* Sources */,
				F4A3AC802A08EDAE00B17241 /* Frameworks */,
				F4A3AC812A08EDAE00B17241 /* Resources */,
			);
			buildRules = (
			);
			dependencies = (
			);
			name = "Horoscope WidgetExtension";
			packageProductDependencies = (
				F48213992A10E19B00418EFE /* Alamofire */,
			);
			productName = "Horoscope WidgetExtension";
			productReference = F4A3AC832A08EDAE00B17241 /* Horoscope WidgetExtension.appex */;
			productType = "com.apple.product-type.app-extension";
		};
/* End PBXNativeTarget section */

/* Begin PBXProject section */
		F433F3F82A05289200D73BEC /* Project object */ = {
			isa = PBXProject;
			attributes = {
				BuildIndependentTargetsInParallel = 1;
				LastSwiftUpdateCheck = 1430;
				LastUpgradeCheck = 1430;
				TargetAttributes = {
					F433F3FF2A05289200D73BEC = {
						CreatedOnToolsVersion = 14.3;
					};
					F4A3AC822A08EDAE00B17241 = {
						CreatedOnToolsVersion = 14.3;
					};
				};
			};
			buildConfigurationList = F433F3FB2A05289200D73BEC /* Build configuration list for PBXProject "MyHoroscope" */;
			compatibilityVersion = "Xcode 14.0";
			developmentRegion = en;
			hasScannedForEncodings = 0;
			knownRegions = (
				en,
				Base,
			);
			mainGroup = F433F3F72A05289200D73BEC;
			packageReferences = (
				F45B40662A07C841004EF79B /* XCRemoteSwiftPackageReference "Alamofire" */,
			);
			productRefGroup = F433F4012A05289200D73BEC /* Products */;
			projectDirPath = "";
			projectRoot = "";
			targets = (
				F433F3FF2A05289200D73BEC /* MyHoroscope */,
				F4A3AC822A08EDAE00B17241 /* Horoscope WidgetExtension */,
			);
		};
/* End PBXProject section */

/* Begin PBXResourcesBuildPhase section */
		F433F3FE2A05289200D73BEC /* Resources */ = {
			isa = PBXResourcesBuildPhase;
			buildActionMask = 2147483647;
			files = (
				F433F4102A05289400D73BEC /* LaunchScreen.storyboard in Resources */,
				F433F40D2A05289400D73BEC /* Assets.xcassets in Resources */,
				F433F40B2A05289200D73BEC /* Main.storyboard in Resources */,
			);
			runOnlyForDeploymentPostprocessing = 0;
		};
		F4A3AC812A08EDAE00B17241 /* Resources */ = {
			isa = PBXResourcesBuildPhase;
			buildActionMask = 2147483647;
			files = (
				F4A3AC912A08EDAF00B17241 /* Assets.xcassets in Resources */,
			);
			runOnlyForDeploymentPostprocessing = 0;
		};
/* End PBXResourcesBuildPhase section */

/* Begin PBXSourcesBuildPhase section */
		F433F3FC2A05289200D73BEC /* Sources */ = {
			isa = PBXSourcesBuildPhase;
			buildActionMask = 2147483647;
			files = (
				F433F4182A052A5F00D73BEC /* SetUpViewController.swift in Sources */,
				F433F4082A05289200D73BEC /* ViewController.swift in Sources */,
				F45B406D2A07C9E3004EF79B /* Prediction.swift in Sources */,
				F433F4042A05289200D73BEC /* AppDelegate.swift in Sources */,
				F45B406A2A07C86B004EF79B /* NetworkingProvider.swift in Sources */,
				F433F4062A05289200D73BEC /* SceneDelegate.swift in Sources */,
			);
			runOnlyForDeploymentPostprocessing = 0;
		};
		F4A3AC7F2A08EDAE00B17241 /* Sources */ = {
			isa = PBXSourcesBuildPhase;
			buildActionMask = 2147483647;
			files = (
				F4A3AC8B2A08EDAE00B17241 /* Horoscope_WidgetBundle.swift in Sources */,
				F4A3AC8D2A08EDAE00B17241 /* Horoscope_WidgetLiveActivity.swift in Sources */,
				F4A3AC8F2A08EDAE00B17241 /* Horoscope_Widget.swift in Sources */,
			);
			runOnlyForDeploymentPostprocessing = 0;
		};
/* End PBXSourcesBuildPhase section */

/* Begin PBXTargetDependency section */
		F4A3AC942A08EDAF00B17241 /* PBXTargetDependency */ = {
			isa = PBXTargetDependency;
			target = F4A3AC822A08EDAE00B17241 /* Horoscope WidgetExtension */;
			targetProxy = F4A3AC932A08EDAF00B17241 /* PBXContainerItemProxy */;
		};
/* End PBXTargetDependency section */

/* Begin PBXVariantGroup section */
		F433F4092A05289200D73BEC /* Main.storyboard */ = {
			isa = PBXVariantGroup;
			children = (
				F433F40A2A05289200D73BEC /* Base */,
			);
			name = Main.storyboard;
			sourceTree = "<group>";
		};
		F433F40E2A05289400D73BEC /* LaunchScreen.storyboard */ = {
			isa = PBXVariantGroup;
			children = (
				F433F40F2A05289400D73BEC /* Base */,
			);
			name = LaunchScreen.storyboard;
			sourceTree = "<group>";
		};
/* End PBXVariantGroup section */

/* Begin XCBuildConfiguration section */
		F433F4122A05289400D73BEC /* Debug */ = {
			isa = XCBuildConfiguration;
			buildSettings = {
				ALWAYS_SEARCH_USER_PATHS = NO;
				CLANG_ANALYZER_NONNULL = YES;
				CLANG_ANALYZER_NUMBER_OBJECT_CONVERSION = YES_AGGRESSIVE;
				CLANG_CXX_LANGUAGE_STANDARD = "gnu++20";
				CLANG_ENABLE_MODULES = YES;
				CLANG_ENABLE_OBJC_ARC = YES;
				CLANG_ENABLE_OBJC_WEAK = YES;
				CLANG_WARN_BLOCK_CAPTURE_AUTORELEASING = YES;
				CLANG_WARN_BOOL_CONVERSION = YES;
				CLANG_WARN_COMMA = YES;
				CLANG_WARN_CONSTANT_CONVERSION = YES;
				CLANG_WARN_DEPRECATED_OBJC_IMPLEMENTATIONS = YES;
				CLANG_WARN_DIRECT_OBJC_ISA_USAGE = YES_ERROR;
				CLANG_WARN_DOCUMENTATION_COMMENTS = YES;
				CLANG_WARN_EMPTY_BODY = YES;
				CLANG_WARN_ENUM_CONVERSION = YES;
				CLANG_WARN_INFINITE_RECURSION = YES;
				CLANG_WARN_INT_CONVERSION = YES;
				CLANG_WARN_NON_LITERAL_NULL_CONVERSION = YES;
				CLANG_WARN_OBJC_IMPLICIT_RETAIN_SELF = YES;
				CLANG_WARN_OBJC_LITERAL_CONVERSION = YES;
				CLANG_WARN_OBJC_ROOT_CLASS = YES_ERROR;
				CLANG_WARN_QUOTED_INCLUDE_IN_FRAMEWORK_HEADER = YES;
				CLANG_WARN_RANGE_LOOP_ANALYSIS = YES;
				CLANG_WARN_STRICT_PROTOTYPES = YES;
				CLANG_WARN_SUSPICIOUS_MOVE = YES;
				CLANG_WARN_UNGUARDED_AVAILABILITY = YES_AGGRESSIVE;
				CLANG_WARN_UNREACHABLE_CODE = YES;
				CLANG_WARN__DUPLICATE_METHOD_MATCH = YES;
				COPY_PHASE_STRIP = NO;
				DEBUG_INFORMATION_FORMAT = dwarf;
				ENABLE_STRICT_OBJC_MSGSEND = YES;
				ENABLE_TESTABILITY = YES;
				GCC_C_LANGUAGE_STANDARD = gnu11;
				GCC_DYNAMIC_NO_PIC = NO;
				GCC_NO_COMMON_BLOCKS = YES;
				GCC_OPTIMIZATION_LEVEL = 0;
				GCC_PREPROCESSOR_DEFINITIONS = (
					"DEBUG=1",
					"$(inherited)",
				);
				GCC_WARN_64_TO_32_BIT_CONVERSION = YES;
				GCC_WARN_ABOUT_RETURN_TYPE = YES_ERROR;
				GCC_WARN_UNDECLARED_SELECTOR = YES;
				GCC_WARN_UNINITIALIZED_AUTOS = YES_AGGRESSIVE;
				GCC_WARN_UNUSED_FUNCTION = YES;
				GCC_WARN_UNUSED_VARIABLE = YES;
				IPHONEOS_DEPLOYMENT_TARGET = 16.4;
				MTL_ENABLE_DEBUG_INFO = INCLUDE_SOURCE;
				MTL_FAST_MATH = YES;
				ONLY_ACTIVE_ARCH = YES;
				SDKROOT = iphoneos;
				SWIFT_ACTIVE_COMPILATION_CONDITIONS = DEBUG;
				SWIFT_OPTIMIZATION_LEVEL = "-Onone";
			};
			name = Debug;
		};
		F433F4132A05289400D73BEC /* Release */ = {
			isa = XCBuildConfiguration;
			buildSettings = {
				ALWAYS_SEARCH_USER_PATHS = NO;
				CLANG_ANALYZER_NONNULL = YES;
				CLANG_ANALYZER_NUMBER_OBJECT_CONVERSION = YES_AGGRESSIVE;
				CLANG_CXX_LANGUAGE_STANDARD = "gnu++20";
				CLANG_ENABLE_MODULES = YES;
				CLANG_ENABLE_OBJC_ARC = YES;
				CLANG_ENABLE_OBJC_WEAK = YES;
				CLANG_WARN_BLOCK_CAPTURE_AUTORELEASING = YES;
				CLANG_WARN_BOOL_CONVERSION = YES;
				CLANG_WARN_COMMA = YES;
				CLANG_WARN_CONSTANT_CONVERSION = YES;
				CLANG_WARN_DEPRECATED_OBJC_IMPLEMENTATIONS = YES;
				CLANG_WARN_DIRECT_OBJC_ISA_USAGE = YES_ERROR;
				CLANG_WARN_DOCUMENTATION_COMMENTS = YES;
				CLANG_WARN_EMPTY_BODY = YES;
				CLANG_WARN_ENUM_CONVERSION = YES;
				CLANG_WARN_INFINITE_RECURSION = YES;
				CLANG_WARN_INT_CONVERSION = YES;
				CLANG_WARN_NON_LITERAL_NULL_CONVERSION = YES;
				CLANG_WARN_OBJC_IMPLICIT_RETAIN_SELF = YES;
				CLANG_WARN_OBJC_LITERAL_CONVERSION = YES;
				CLANG_WARN_OBJC_ROOT_CLASS = YES_ERROR;
				CLANG_WARN_QUOTED_INCLUDE_IN_FRAMEWORK_HEADER = YES;
				CLANG_WARN_RANGE_LOOP_ANALYSIS = YES;
				CLANG_WARN_STRICT_PROTOTYPES = YES;
				CLANG_WARN_SUSPICIOUS_MOVE = YES;
				CLANG_WARN_UNGUARDED_AVAILABILITY = YES_AGGRESSIVE;
				CLANG_WARN_UNREACHABLE_CODE = YES;
				CLANG_WARN__DUPLICATE_METHOD_MATCH = YES;
				COPY_PHASE_STRIP = NO;
				DEBUG_INFORMATION_FORMAT = "dwarf-with-dsym";
				ENABLE_NS_ASSERTIONS = NO;
				ENABLE_STRICT_OBJC_MSGSEND = YES;
				GCC_C_LANGUAGE_STANDARD = gnu11;
				GCC_NO_COMMON_BLOCKS = YES;
				GCC_WARN_64_TO_32_BIT_CONVERSION = YES;
				GCC_WARN_ABOUT_RETURN_TYPE = YES_ERROR;
				GCC_WARN_UNDECLARED_SELECTOR = YES;
				GCC_WARN_UNINITIALIZED_AUTOS = YES_AGGRESSIVE;
				GCC_WARN_UNUSED_FUNCTION = YES;
				GCC_WARN_UNUSED_VARIABLE = YES;
				IPHONEOS_DEPLOYMENT_TARGET = 16.4;
				MTL_ENABLE_DEBUG_INFO = NO;
				MTL_FAST_MATH = YES;
				SDKROOT = iphoneos;
				SWIFT_COMPILATION_MODE = wholemodule;
				SWIFT_OPTIMIZATION_LEVEL = "-O";
				VALIDATE_PRODUCT = YES;
			};
			name = Release;
		};
		F433F4152A05289400D73BEC /* Debug */ = {
			isa = XCBuildConfiguration;
			buildSettings = {
				ALWAYS_EMBED_SWIFT_STANDARD_LIBRARIES = YES;
				ASSETCATALOG_COMPILER_APPICON_NAME = AppIcon;
				ASSETCATALOG_COMPILER_GLOBAL_ACCENT_COLOR_NAME = AccentColor;
				CODE_SIGN_ENTITLEMENTS = MyHoroscope/MyHoroscope.entitlements;
				CODE_SIGN_STYLE = Automatic;
				CURRENT_PROJECT_VERSION = 1;
				DEVELOPMENT_TEAM = S3432GUG8P;
				GENERATE_INFOPLIST_FILE = YES;
				INFOPLIST_FILE = MyHoroscope/Info.plist;
				INFOPLIST_KEY_UIApplicationSupportsIndirectInputEvents = YES;
				INFOPLIST_KEY_UILaunchStoryboardName = LaunchScreen;
				INFOPLIST_KEY_UIMainStoryboardFile = Main;
				INFOPLIST_KEY_UISupportedInterfaceOrientations = UIInterfaceOrientationPortrait;
				LD_RUNPATH_SEARCH_PATHS = (
					"$(inherited)",
					"@executable_path/Frameworks",
				);
				MARKETING_VERSION = 1.0;
				PRODUCT_BUNDLE_IDENTIFIER = com.tasioalmansa.MyHoroscope;
				PRODUCT_NAME = "$(TARGET_NAME)";
				SWIFT_EMIT_LOC_STRINGS = YES;
				SWIFT_VERSION = 5.0;
				TARGETED_DEVICE_FAMILY = "1,2";
			};
			name = Debug;
		};
		F433F4162A05289400D73BEC /* Release */ = {
			isa = XCBuildConfiguration;
			buildSettings = {
				ALWAYS_EMBED_SWIFT_STANDARD_LIBRARIES = YES;
				ASSETCATALOG_COMPILER_APPICON_NAME = AppIcon;
				ASSETCATALOG_COMPILER_GLOBAL_ACCENT_COLOR_NAME = AccentColor;
				CODE_SIGN_ENTITLEMENTS = MyHoroscope/MyHoroscope.entitlements;
				CODE_SIGN_STYLE = Automatic;
				CURRENT_PROJECT_VERSION = 1;
				DEVELOPMENT_TEAM = S3432GUG8P;
				GENERATE_INFOPLIST_FILE = YES;
				INFOPLIST_FILE = MyHoroscope/Info.plist;
				INFOPLIST_KEY_UIApplicationSupportsIndirectInputEvents = YES;
				INFOPLIST_KEY_UILaunchStoryboardName = LaunchScreen;
				INFOPLIST_KEY_UIMainStoryboardFile = Main;
				INFOPLIST_KEY_UISupportedInterfaceOrientations = UIInterfaceOrientationPortrait;
				LD_RUNPATH_SEARCH_PATHS = (
					"$(inherited)",
					"@executable_path/Frameworks",
				);
				MARKETING_VERSION = 1.0;
				PRODUCT_BUNDLE_IDENTIFIER = com.tasioalmansa.MyHoroscope;
				PRODUCT_NAME = "$(TARGET_NAME)";
				SWIFT_EMIT_LOC_STRINGS = YES;
				SWIFT_VERSION = 5.0;
				TARGETED_DEVICE_FAMILY = "1,2";
			};
			name = Release;
		};
		F4A3AC972A08EDAF00B17241 /* Debug */ = {
			isa = XCBuildConfiguration;
			buildSettings = {
				ASSETCATALOG_COMPILER_GLOBAL_ACCENT_COLOR_NAME = AccentColor;
				ASSETCATALOG_COMPILER_WIDGET_BACKGROUND_COLOR_NAME = WidgetBackground;
				CODE_SIGN_ENTITLEMENTS = "Horoscope WidgetExtension.entitlements";
				CODE_SIGN_STYLE = Automatic;
				CURRENT_PROJECT_VERSION = 1;
				DEVELOPMENT_TEAM = S3432GUG8P;
				GENERATE_INFOPLIST_FILE = YES;
				INFOPLIST_FILE = "Horoscope Widget/Info.plist";
				INFOPLIST_KEY_CFBundleDisplayName = "Horoscope Widget";
				INFOPLIST_KEY_NSHumanReadableCopyright = "";
				LD_RUNPATH_SEARCH_PATHS = (
					"$(inherited)",
					"@executable_path/Frameworks",
					"@executable_path/../../Frameworks",
				);
				MARKETING_VERSION = 1.0;
				PRODUCT_BUNDLE_IDENTIFIER = "com.tasioalmansa.MyHoroscope.Horoscope-Widget";
				PRODUCT_NAME = "$(TARGET_NAME)";
				SKIP_INSTALL = YES;
				SWIFT_EMIT_LOC_STRINGS = YES;
				SWIFT_VERSION = 5.0;
				TARGETED_DEVICE_FAMILY = "1,2";
			};
			name = Debug;
		};
		F4A3AC982A08EDAF00B17241 /* Release */ = {
			isa = XCBuildConfiguration;
			buildSettings = {
				ASSETCATALOG_COMPILER_GLOBAL_ACCENT_COLOR_NAME = AccentColor;
				ASSETCATALOG_COMPILER_WIDGET_BACKGROUND_COLOR_NAME = WidgetBackground;
				CODE_SIGN_ENTITLEMENTS = "Horoscope WidgetExtension.entitlements";
				CODE_SIGN_STYLE = Automatic;
				CURRENT_PROJECT_VERSION = 1;
				DEVELOPMENT_TEAM = S3432GUG8P;
				GENERATE_INFOPLIST_FILE = YES;
				INFOPLIST_FILE = "Horoscope Widget/Info.plist";
				INFOPLIST_KEY_CFBundleDisplayName = "Horoscope Widget";
				INFOPLIST_KEY_NSHumanReadableCopyright = "";
				LD_RUNPATH_SEARCH_PATHS = (
					"$(inherited)",
					"@executable_path/Frameworks",
					"@executable_path/../../Frameworks",
				);
				MARKETING_VERSION = 1.0;
				PRODUCT_BUNDLE_IDENTIFIER = "com.tasioalmansa.MyHoroscope.Horoscope-Widget";
				PRODUCT_NAME = "$(TARGET_NAME)";
				SKIP_INSTALL = YES;
				SWIFT_EMIT_LOC_STRINGS = YES;
				SWIFT_VERSION = 5.0;
				TARGETED_DEVICE_FAMILY = "1,2";
			};
			name = Release;
		};
/* End XCBuildConfiguration section */

/* Begin XCConfigurationList section */
		F433F3FB2A05289200D73BEC /* Build configuration list for PBXProject "MyHoroscope" */ = {
			isa = XCConfigurationList;
			buildConfigurations = (
				F433F4122A05289400D73BEC /* Debug */,
				F433F4132A05289400D73BEC /* Release */,
			);
			defaultConfigurationIsVisible = 0;
			defaultConfigurationName = Release;
		};
		F433F4142A05289400D73BEC /* Build configuration list for PBXNativeTarget "MyHoroscope" */ = {
			isa = XCConfigurationList;
			buildConfigurations = (
				F433F4152A05289400D73BEC /* Debug */,
				F433F4162A05289400D73BEC /* Release */,
			);
			defaultConfigurationIsVisible = 0;
			defaultConfigurationName = Release;
		};
		F4A3AC992A08EDAF00B17241 /* Build configuration list for PBXNativeTarget "Horoscope WidgetExtension" */ = {
			isa = XCConfigurationList;
			buildConfigurations = (
				F4A3AC972A08EDAF00B17241 /* Debug */,
				F4A3AC982A08EDAF00B17241 /* Release */,
			);
			defaultConfigurationIsVisible = 0;
			defaultConfigurationName = Release;
		};
/* End XCConfigurationList section */

/* Begin XCRemoteSwiftPackageReference section */
		F45B40662A07C841004EF79B /* XCRemoteSwiftPackageReference "Alamofire" */ = {
			isa = XCRemoteSwiftPackageReference;
			repositoryURL = "https://github.com/Alamofire/Alamofire.git";
			requirement = {
				kind = upToNextMajorVersion;
				minimumVersion = 5.0.0;
			};
		};
/* End XCRemoteSwiftPackageReference section */

/* Begin XCSwiftPackageProductDependency section */
		F45B40672A07C841004EF79B /* Alamofire */ = {
			isa = XCSwiftPackageProductDependency;
			package = F45B40662A07C841004EF79B /* XCRemoteSwiftPackageReference "Alamofire" */;
			productName = Alamofire;
		};
		F48213992A10E19B00418EFE /* Alamofire */ = {
			isa = XCSwiftPackageProductDependency;
			package = F45B40662A07C841004EF79B /* XCRemoteSwiftPackageReference "Alamofire" */;
			productName = Alamofire;
		};
/* End XCSwiftPackageProductDependency section */
	};
	rootObject = F433F3F82A05289200D73BEC /* Project object */;
}
